
Microsoft Visual Studio Solution File, Format Version 12.00
# Visual Studio Version 16
VisualStudioVersion = 16.0.31729.503
MinimumVisualStudioVersion = 10.0.40219.1
Project("{9A19103F-16F7-4668-BE54-9A1E7A4F7556}") = "NumberStatistics", "NumberStatistics\NumberStatistics.csproj", "{AA1D370D-93AC-4408-841D-4E23A23F4FAE}"
EndProject
Project("{9A19103F-16F7-4668-BE54-9A1E7A4F7556}") = "DiamondForBeginners", "DiamondForBeginners1\DiamondForBeginners.csproj", "{B1DB6702-CF0C-41A3-9401-C062BA6BF7C6}"
EndProject
Project("{9A19103F-16F7-4668-BE54-9A1E7A4F7556}") = "DiamondForTheAdvanced", "DiamondForTheAdvanced1\DiamondForTheAdvanced.csproj", "{5AD754D9-3638-4EA7-9820-83EBBE4CBF74}"
EndProject
Project("{FAE04EC0-301F-11D3-BF4B-00C04F79EFBC}") = "Ex01_01", "Ex01_01\Ex01_01.csproj", "{237B0EF5-2466-4F86-8260-1D35A4277A1E}"
EndProject
Global
	GlobalSection(SolutionConfigurationPlatforms) = preSolution
		Debug|Any CPU = Debug|Any CPU
		Release|Any CPU = Release|Any CPU
	EndGlobalSection
	GlobalSection(ProjectConfigurationPlatforms) = postSolution
		{AA1D370D-93AC-4408-841D-4E23A23F4FAE}.Debug|Any CPU.ActiveCfg = Debug|Any CPU
		{AA1D370D-93AC-4408-841D-4E23A23F4FAE}.Debug|Any CPU.Build.0 = Debug|Any CPU
		{AA1D370D-93AC-4408-841D-4E23A23F4FAE}.Release|Any CPU.ActiveCfg = Release|Any CPU
		{AA1D370D-93AC-4408-841D-4E23A23F4FAE}.Release|Any CPU.Build.0 = Release|Any CPU
		{B1DB6702-CF0C-41A3-9401-C062BA6BF7C6}.Debug|Any CPU.ActiveCfg = Debug|Any CPU
		{B1DB6702-CF0C-41A3-9401-C062BA6BF7C6}.Debug|Any CPU.Build.0 = Debug|Any CPU
		{B1DB6702-CF0C-41A3-9401-C062BA6BF7C6}.Release|Any CPU.ActiveCfg = Release|Any CPU
		{B1DB6702-CF0C-41A3-9401-C062BA6BF7C6}.Release|Any CPU.Build.0 = Release|Any CPU
		{5AD754D9-3638-4EA7-9820-83EBBE4CBF74}.Debug|Any CPU.ActiveCfg = Debug|Any CPU
		{5AD754D9-3638-4EA7-9820-83EBBE4CBF74}.Debug|Any CPU.Build.0 = Debug|Any CPU
		{5AD754D9-3638-4EA7-9820-83EBBE4CBF74}.Release|Any CPU.ActiveCfg = Release|Any CPU
		{5AD754D9-3638-4EA7-9820-83EBBE4CBF74}.Release|Any CPU.Build.0 = Release|Any CPU
		{237B0EF5-2466-4F86-8260-1D35A4277A1E}.Debug|Any CPU.ActiveCfg = Debug|Any CPU
		{237B0EF5-2466-4F86-8260-1D35A4277A1E}.Debug|Any CPU.Build.0 = Debug|Any CPU
		{237B0EF5-2466-4F86-8260-1D35A4277A1E}.Release|Any CPU.ActiveCfg = Release|Any CPU
		{237B0EF5-2466-4F86-8260-1D35A4277A1E}.Release|Any CPU.Build.0 = Release|Any CPU
	EndGlobalSection
	GlobalSection(SolutionProperties) = preSolution
		HideSolutionNode = FALSE
	EndGlobalSection
	GlobalSection(ExtensibilityGlobals) = postSolution
		SolutionGuid = {67836C70-8ED5-472E-AEBE-2A0D859443BC}
	EndGlobalSection
EndGlobal
