
Microsoft Visual Studio Solution File, Format Version 12.00
# Visual Studio Version 16
VisualStudioVersion = 16.0.31729.503
MinimumVisualStudioVersion = 10.0.40219.1
Project("{FAE04EC0-301F-11D3-BF4B-00C04F79EFBC}") = "Ex01_01", "Ex01_01\Ex01_01.csproj", "{237B0EF5-2466-4F86-8260-1D35A4277A1E}"
EndProject
Project("{FAE04EC0-301F-11D3-BF4B-00C04F79EFBC}") = "Ex01_04", "Ex01_04\Ex01_04.csproj", "{FB7482EA-F25E-4292-B3A2-CECE70BB7E49}"
EndProject
Project("{FAE04EC0-301F-11D3-BF4B-00C04F79EFBC}") = "Ex01_05", "Ex01_05\Ex01_05.csproj", "{C3B3A139-A2A2-403E-B137-369721EB15C1}"
EndProject
Project("{FAE04EC0-301F-11D3-BF4B-00C04F79EFBC}") = "Ex01_03", "Ex01_03\Ex01_03.csproj", "{D7521E39-BE29-4BFE-AE37-FF1F95AE1BC5}"
EndProject
Project("{FAE04EC0-301F-11D3-BF4B-00C04F79EFBC}") = "Ex01_02", "Ex01_02\Ex01_02.csproj", "{0392E19F-8C41-4618-92B0-091638DEE96E}"
EndProject
Global
	GlobalSection(SolutionConfigurationPlatforms) = preSolution
		Debug|Any CPU = Debug|Any CPU
		Release|Any CPU = Release|Any CPU
	EndGlobalSection
	GlobalSection(ProjectConfigurationPlatforms) = postSolution
		{237B0EF5-2466-4F86-8260-1D35A4277A1E}.Debug|Any CPU.ActiveCfg = Debug|Any CPU
		{237B0EF5-2466-4F86-8260-1D35A4277A1E}.Debug|Any CPU.Build.0 = Debug|Any CPU
		{237B0EF5-2466-4F86-8260-1D35A4277A1E}.Release|Any CPU.ActiveCfg = Release|Any CPU
		{237B0EF5-2466-4F86-8260-1D35A4277A1E}.Release|Any CPU.Build.0 = Release|Any CPU
		{FB7482EA-F25E-4292-B3A2-CECE70BB7E49}.Debug|Any CPU.ActiveCfg = Debug|Any CPU
		{FB7482EA-F25E-4292-B3A2-CECE70BB7E49}.Debug|Any CPU.Build.0 = Debug|Any CPU
		{FB7482EA-F25E-4292-B3A2-CECE70BB7E49}.Release|Any CPU.ActiveCfg = Release|Any CPU
		{FB7482EA-F25E-4292-B3A2-CECE70BB7E49}.Release|Any CPU.Build.0 = Release|Any CPU
		{C3B3A139-A2A2-403E-B137-369721EB15C1}.Debug|Any CPU.ActiveCfg = Debug|Any CPU
		{C3B3A139-A2A2-403E-B137-369721EB15C1}.Debug|Any CPU.Build.0 = Debug|Any CPU
		{C3B3A139-A2A2-403E-B137-369721EB15C1}.Release|Any CPU.ActiveCfg = Release|Any CPU
		{C3B3A139-A2A2-403E-B137-369721EB15C1}.Release|Any CPU.Build.0 = Release|Any CPU
		{D7521E39-BE29-4BFE-AE37-FF1F95AE1BC5}.Debug|Any CPU.ActiveCfg = Debug|Any CPU
		{D7521E39-BE29-4BFE-AE37-FF1F95AE1BC5}.Debug|Any CPU.Build.0 = Debug|Any CPU
		{D7521E39-BE29-4BFE-AE37-FF1F95AE1BC5}.Release|Any CPU.ActiveCfg = Release|Any CPU
		{D7521E39-BE29-4BFE-AE37-FF1F95AE1BC5}.Release|Any CPU.Build.0 = Release|Any CPU
		{0392E19F-8C41-4618-92B0-091638DEE96E}.Debug|Any CPU.ActiveCfg = Debug|Any CPU
		{0392E19F-8C41-4618-92B0-091638DEE96E}.Debug|Any CPU.Build.0 = Debug|Any CPU
		{0392E19F-8C41-4618-92B0-091638DEE96E}.Release|Any CPU.ActiveCfg = Release|Any CPU
		{0392E19F-8C41-4618-92B0-091638DEE96E}.Release|Any CPU.Build.0 = Release|Any CPU
	EndGlobalSection
	GlobalSection(SolutionProperties) = preSolution
		HideSolutionNode = FALSE
	EndGlobalSection
	GlobalSection(ExtensibilityGlobals) = postSolution
		SolutionGuid = {67836C70-8ED5-472E-AEBE-2A0D859443BC}
	EndGlobalSection
EndGlobal
